// !$*UTF8*$!
{
	archiveVersion = 1;
	classes = {
	};
	objectVersion = 46;
	objects = {

/* Begin PBXBuildFile section */
		A6073F7F1559692A00B384E9 /* CoreFoundation.framework in Frameworks */ = {isa = PBXBuildFile; fileRef = A6073F7E1559692A00B384E9 /* CoreFoundation.framework */; };
		A67B4A751558794000A86C7D /* QuartzCore.framework in Frameworks */ = {isa = PBXBuildFile; fileRef = A67B4A741558794000A86C7D /* QuartzCore.framework */; };
		A690D47A1577C9F0002155BE /* Icon-72.png in Resources */ = {isa = PBXBuildFile; fileRef = A690D4751577C9F0002155BE /* Icon-72.png */; };
		A690D47B1577C9F0002155BE /* Icon-Small.png in Resources */ = {isa = PBXBuildFile; fileRef = A690D4761577C9F0002155BE /* Icon-Small.png */; };
		A690D47C1577C9F0002155BE /* Icon-Small@2x.png in Resources */ = {isa = PBXBuildFile; fileRef = A690D4771577C9F0002155BE /* Icon-Small@2x.png */; };
		A690D47D1577C9F0002155BE /* iTunesArtwork in Resources */ = {isa = PBXBuildFile; fileRef = A690D4781577C9F0002155BE /* iTunesArtwork */; };
		A690D47E1577C9F0002155BE /* iTunesArtwork@2x in Resources */ = {isa = PBXBuildFile; fileRef = A690D4791577C9F0002155BE /* iTunesArtwork@2x */; };
		A6C739F3155C11680099322F /* LICENSE.txt in Resources */ = {isa = PBXBuildFile; fileRef = A6C739F1155C11680099322F /* LICENSE.txt */; };
		A6C739F4155C11680099322F /* README.txt in Resources */ = {isa = PBXBuildFile; fileRef = A6C739F2155C11680099322F /* README.txt */; };
		AC33D06E14DC362700B37769 /* Page1_background_skip_enabled.png in Resources */ = {isa = PBXBuildFile; fileRef = AC33D06A14DC362700B37769 /* Page1_background_skip_enabled.png */; };
		AC33D06F14DC362700B37769 /* Page1_background_skip_gray.png in Resources */ = {isa = PBXBuildFile; fileRef = AC33D06B14DC362700B37769 /* Page1_background_skip_gray.png */; };
		AC33D07014DC362700B37769 /* Page2_background_skip_enabled.png in Resources */ = {isa = PBXBuildFile; fileRef = AC33D06C14DC362700B37769 /* Page2_background_skip_enabled.png */; };
		AC33D07114DC362700B37769 /* Page2_background_skip_gray.png in Resources */ = {isa = PBXBuildFile; fileRef = AC33D06D14DC362700B37769 /* Page2_background_skip_gray.png */; };
		AC44550314E59D6000FA8BBF /* CFNetwork.framework in Frameworks */ = {isa = PBXBuildFile; fileRef = AC4454FD14E59D6000FA8BBF /* CFNetwork.framework */; };
		AC44550414E59D6000FA8BBF /* CoreData.framework in Frameworks */ = {isa = PBXBuildFile; fileRef = AC4454FE14E59D6000FA8BBF /* CoreData.framework */; };
		AC44550514E59D6000FA8BBF /* libxml2.dylib in Frameworks */ = {isa = PBXBuildFile; fileRef = AC4454FF14E59D6000FA8BBF /* libxml2.dylib */; };
		AC44550614E59D6000FA8BBF /* MobileCoreServices.framework in Frameworks */ = {isa = PBXBuildFile; fileRef = AC44550014E59D6000FA8BBF /* MobileCoreServices.framework */; };
		AC44550714E59D6000FA8BBF /* Security.framework in Frameworks */ = {isa = PBXBuildFile; fileRef = AC44550114E59D6000FA8BBF /* Security.framework */; };
		AC44550814E59D6000FA8BBF /* SystemConfiguration.framework in Frameworks */ = {isa = PBXBuildFile; fileRef = AC44550214E59D6000FA8BBF /* SystemConfiguration.framework */; };
		AC44550B14E5A33B00FA8BBF /* ClipWS.m in Sources */ = {isa = PBXBuildFile; fileRef = AC44550A14E5A33B00FA8BBF /* ClipWS.m */; };
		AC44550E14E5BE5300FA8BBF /* LocationCodes.m in Sources */ = {isa = PBXBuildFile; fileRef = AC44550D14E5BE5200FA8BBF /* LocationCodes.m */; };
		AC58D6F3149ED2B200E2F095 /* PatientGenderVC.m in Sources */ = {isa = PBXBuildFile; fileRef = AC58D6F1149ED2B200E2F095 /* PatientGenderVC.m */; };
		AC58D6F4149ED2B200E2F095 /* PatientGenderVC.xib in Resources */ = {isa = PBXBuildFile; fileRef = AC58D6F2149ED2B200E2F095 /* PatientGenderVC.xib */; };
		AC66E8A814D8116300F94342 /* AppManager.m in Sources */ = {isa = PBXBuildFile; fileRef = AC66E8A714D8116300F94342 /* AppManager.m */; };
		AC7A356014ED4E250063A0C2 /* CdaWriter.m in Sources */ = {isa = PBXBuildFile; fileRef = AC7A355F14ED4E250063A0C2 /* CdaWriter.m */; };
		AC807EFD14D1999700773052 /* ClipDataManager.m in Sources */ = {isa = PBXBuildFile; fileRef = AC807EFC14D1999700773052 /* ClipDataManager.m */; };
		AC938AF014B4A43900DFE152 /* SkinPrepUsed.m in Sources */ = {isa = PBXBuildFile; fileRef = AC938AEE14B4A43900DFE152 /* SkinPrepUsed.m */; };
		AC938AF114B4A43900DFE152 /* SkinPrepUsed.xib in Resources */ = {isa = PBXBuildFile; fileRef = AC938AEF14B4A43900DFE152 /* SkinPrepUsed.xib */; };
		AC93FD9A14C9C3650072493C /* ClipDataObject.m in Sources */ = {isa = PBXBuildFile; fileRef = AC93FD9914C9C3640072493C /* ClipDataObject.m */; };
		AC93FD9E14C9C3DD0072493C /* ClipDataProperty.m in Sources */ = {isa = PBXBuildFile; fileRef = AC93FD9D14C9C3DC0072493C /* ClipDataProperty.m */; };
		AC944E8414A0D52D0084E052 /* PatientBirthDateVC.m in Sources */ = {isa = PBXBuildFile; fileRef = AC944E8214A0D52D0084E052 /* PatientBirthDateVC.m */; };
		AC944E8514A0D52D0084E052 /* PatientBirthDateVC.xib in Resources */ = {isa = PBXBuildFile; fileRef = AC944E8314A0D52D0084E052 /* PatientBirthDateVC.xib */; };
		ACA76EB314D96FA6007D4445 /* Settings.bundle in Resources */ = {isa = PBXBuildFile; fileRef = ACA76EB214D96FA6007D4445 /* Settings.bundle */; };
		ACA99B1014B4C9FB003AC1EF /* SkinDryVC.m in Sources */ = {isa = PBXBuildFile; fileRef = ACA99B0E14B4C9FB003AC1EF /* SkinDryVC.m */; };
		ACA99B1114B4C9FB003AC1EF /* SkinDryVC.xib in Resources */ = {isa = PBXBuildFile; fileRef = ACA99B0F14B4C9FB003AC1EF /* SkinDryVC.xib */; };
		ACA99B1514B4CFA0003AC1EF /* InsertionSiteVC.m in Sources */ = {isa = PBXBuildFile; fileRef = ACA99B1314B4CFA0003AC1EF /* InsertionSiteVC.m */; };
		ACA99B1614B4CFA0003AC1EF /* InsertionSiteVC.xib in Resources */ = {isa = PBXBuildFile; fileRef = ACA99B1414B4CFA0003AC1EF /* InsertionSiteVC.xib */; };
		ACA99B1A14B4E207003AC1EF /* CatheterTypeVC.m in Sources */ = {isa = PBXBuildFile; fileRef = ACA99B1814B4E207003AC1EF /* CatheterTypeVC.m */; };
		ACA99B1B14B4E207003AC1EF /* CatheterTypeVC.xib in Resources */ = {isa = PBXBuildFile; fileRef = ACA99B1914B4E207003AC1EF /* CatheterTypeVC.xib */; };
		ACC0EE0214A29FC6001FB8D5 /* PersonRecordingVC.m in Sources */ = {isa = PBXBuildFile; fileRef = ACC0EE0014A29FC6001FB8D5 /* PersonRecordingVC.m */; };
		ACC0EE0314A29FC6001FB8D5 /* PersonRecordingVC.xib in Resources */ = {isa = PBXBuildFile; fileRef = ACC0EE0114A29FC6001FB8D5 /* PersonRecordingVC.xib */; };
		ACC0EE0714A2A4BF001FB8D5 /* InserterOccupationVC.m in Sources */ = {isa = PBXBuildFile; fileRef = ACC0EE0514A2A4BF001FB8D5 /* InserterOccupationVC.m */; };
		ACC0EE0814A2A4BF001FB8D5 /* InserterOccupationVC.xib in Resources */ = {isa = PBXBuildFile; fileRef = ACC0EE0614A2A4BF001FB8D5 /* InserterOccupationVC.xib */; };
		ACC0EE0C14A35C13001FB8D5 /* InsertionReasonVC.m in Sources */ = {isa = PBXBuildFile; fileRef = ACC0EE0A14A35C13001FB8D5 /* InsertionReasonVC.m */; };
		ACC0EE0D14A35C13001FB8D5 /* InsertionReasonVC.xib in Resources */ = {isa = PBXBuildFile; fileRef = ACC0EE0B14A35C13001FB8D5 /* InsertionReasonVC.xib */; };
		ACC0EE1114A361C1001FB8D5 /* HandHygienePerformedVC.m in Sources */ = {isa = PBXBuildFile; fileRef = ACC0EE0F14A361C0001FB8D5 /* HandHygienePerformedVC.m */; };
		ACC0EE1214A361C1001FB8D5 /* HandHygienePerformedVC.xib in Resources */ = {isa = PBXBuildFile; fileRef = ACC0EE1014A361C0001FB8D5 /* HandHygienePerformedVC.xib */; };
		ACC641DE14CADBAC004F899A /* Page1_active_skip.png in Resources */ = {isa = PBXBuildFile; fileRef = ACC641DA14CADBAC004F899A /* Page1_active_skip.png */; };
		ACC641DF14CADBAC004F899A /* Page1_grayed_skip.png in Resources */ = {isa = PBXBuildFile; fileRef = ACC641DB14CADBAC004F899A /* Page1_grayed_skip.png */; };
		ACC641E014CADBAC004F899A /* Page2_active_skip.png in Resources */ = {isa = PBXBuildFile; fileRef = ACC641DC14CADBAC004F899A /* Page2_active_skip.png */; };
		ACC641E114CADBAC004F899A /* Page2_grayed_skip.png in Resources */ = {isa = PBXBuildFile; fileRef = ACC641DD14CADBAC004F899A /* Page2_grayed_skip.png */; };
		ACC641F914CADD2C004F899A /* clear_all_button_down.png in Resources */ = {isa = PBXBuildFile; fileRef = ACC641E514CADD2C004F899A /* clear_all_button_down.png */; };
		ACC641FA14CADD2C004F899A /* clear_all_button.png in Resources */ = {isa = PBXBuildFile; fileRef = ACC641E614CADD2C004F899A /* clear_all_button.png */; };
		ACC641FB14CADD2C004F899A /* done_button_down.png in Resources */ = {isa = PBXBuildFile; fileRef = ACC641E714CADD2C004F899A /* done_button_down.png */; };
		ACC641FC14CADD2C004F899A /* done_button.png in Resources */ = {isa = PBXBuildFile; fileRef = ACC641E814CADD2C004F899A /* done_button.png */; };
		ACC641FD14CADD2C004F899A /* inserter_selected.png in Resources */ = {isa = PBXBuildFile; fileRef = ACC641E914CADD2C004F899A /* inserter_selected.png */; };
		ACC641FE14CADD2C004F899A /* inserter_unselected.png in Resources */ = {isa = PBXBuildFile; fileRef = ACC641EA14CADD2C004F899A /* inserter_unselected.png */; };
		ACC641FF14CADD2C004F899A /* next_button_down.png in Resources */ = {isa = PBXBuildFile; fileRef = ACC641EB14CADD2C004F899A /* next_button_down.png */; };
		ACC6420014CADD2C004F899A /* next_button.png in Resources */ = {isa = PBXBuildFile; fileRef = ACC641EC14CADD2C004F899A /* next_button.png */; };
		ACC6420114CADD2C004F899A /* no_grayed.png in Resources */ = {isa = PBXBuildFile; fileRef = ACC641ED14CADD2C004F899A /* no_grayed.png */; };
		ACC6420214CADD2C004F899A /* no_selected.png in Resources */ = {isa = PBXBuildFile; fileRef = ACC641EE14CADD2C004F899A /* no_selected.png */; };
		ACC6420314CADD2C004F899A /* no_unselected.png in Resources */ = {isa = PBXBuildFile; fileRef = ACC641EF14CADD2C004F899A /* no_unselected.png */; };
		ACC6420414CADD2C004F899A /* observer_selected.png in Resources */ = {isa = PBXBuildFile; fileRef = ACC641F014CADD2C004F899A /* observer_selected.png */; };
		ACC6420514CADD2C004F899A /* observer_unselected.png in Resources */ = {isa = PBXBuildFile; fileRef = ACC641F114CADD2C004F899A /* observer_unselected.png */; };
		ACC6420614CADD2C004F899A /* previous_button_down.png in Resources */ = {isa = PBXBuildFile; fileRef = ACC641F214CADD2C004F899A /* previous_button_down.png */; };
		ACC6420714CADD2C004F899A /* previous_button.png in Resources */ = {isa = PBXBuildFile; fileRef = ACC641F314CADD2C004F899A /* previous_button.png */; };
		ACC6420814CADD2C004F899A /* submit_button_down.png in Resources */ = {isa = PBXBuildFile; fileRef = ACC641F414CADD2C004F899A /* submit_button_down.png */; };
		ACC6420914CADD2C004F899A /* submit_button.png in Resources */ = {isa = PBXBuildFile; fileRef = ACC641F514CADD2C004F899A /* submit_button.png */; };
		ACC6420A14CADD2C004F899A /* yes_grayed.png in Resources */ = {isa = PBXBuildFile; fileRef = ACC641F614CADD2C004F899A /* yes_grayed.png */; };
		ACC6420B14CADD2C004F899A /* yes_selected.png in Resources */ = {isa = PBXBuildFile; fileRef = ACC641F714CADD2C004F899A /* yes_selected.png */; };
		ACC6420C14CADD2C004F899A /* yes_unselected.png in Resources */ = {isa = PBXBuildFile; fileRef = ACC641F814CADD2C004F899A /* yes_unselected.png */; };
		ACD9E3D114A3C116002EF849 /* SterileBarriersUsedVC.m in Sources */ = {isa = PBXBuildFile; fileRef = ACD9E3CF14A3C116002EF849 /* SterileBarriersUsedVC.m */; };
		ACD9E3D214A3C116002EF849 /* SterileBarriersUsedVC.xib in Resources */ = {isa = PBXBuildFile; fileRef = ACD9E3D014A3C116002EF849 /* SterileBarriersUsedVC.xib */; };
		ACDA127D14FEA57C009C75D9 /* EulaViewController.m in Sources */ = {isa = PBXBuildFile; fileRef = ACDA127B14FEA57C009C75D9 /* EulaViewController.m */; };
		ACDA127E14FEA57C009C75D9 /* EulaViewController.xib in Resources */ = {isa = PBXBuildFile; fileRef = ACDA127C14FEA57C009C75D9 /* EulaViewController.xib */; };
		ACDA128114FEA75F009C75D9 /* eula.html in Resources */ = {isa = PBXBuildFile; fileRef = ACDA128014FEA75F009C75D9 /* eula.html */; };
		ACDA128814FED3CD009C75D9 /* eula.png in Resources */ = {isa = PBXBuildFile; fileRef = ACDA128714FED3CD009C75D9 /* eula.png */; };
		ACE97E5214A20592009A5D79 /* PatientIdVC.m in Sources */ = {isa = PBXBuildFile; fileRef = ACE97E5014A20592009A5D79 /* PatientIdVC.m */; };
		ACE97E5314A20592009A5D79 /* PatientIdVC.xib in Resources */ = {isa = PBXBuildFile; fileRef = ACE97E5114A20592009A5D79 /* PatientIdVC.xib */; };
		ACE97E5C14A28CBF009A5D79 /* InsertionDateVC.m in Sources */ = {isa = PBXBuildFile; fileRef = ACE97E5A14A28CBF009A5D79 /* InsertionDateVC.m */; };
		ACE97E5D14A28CBF009A5D79 /* InsertionDateVC.xib in Resources */ = {isa = PBXBuildFile; fileRef = ACE97E5B14A28CBF009A5D79 /* InsertionDateVC.xib */; };
		ACF0A37F14CDF9770045A260 /* ViewController2.m in Sources */ = {isa = PBXBuildFile; fileRef = ACF0A37D14CDF9760045A260 /* ViewController2.m */; };
		ACF0A38014CDF9770045A260 /* ViewController2.xib in Resources */ = {isa = PBXBuildFile; fileRef = ACF0A37E14CDF9770045A260 /* ViewController2.xib */; };
		ACF111FD14EA8DBC00A5C0AC /* LocationVC.m in Sources */ = {isa = PBXBuildFile; fileRef = ACF111FB14EA8DBC00A5C0AC /* LocationVC.m */; };
		ACF111FE14EA8DBC00A5C0AC /* LocationVC.xib in Resources */ = {isa = PBXBuildFile; fileRef = ACF111FC14EA8DBC00A5C0AC /* LocationVC.xib */; };
		ACFC6B0B147C308F00A1E9A8 /* UIKit.framework in Frameworks */ = {isa = PBXBuildFile; fileRef = ACFC6B0A147C308F00A1E9A8 /* UIKit.framework */; };
		ACFC6B0D147C308F00A1E9A8 /* Foundation.framework in Frameworks */ = {isa = PBXBuildFile; fileRef = ACFC6B0C147C308F00A1E9A8 /* Foundation.framework */; };
		ACFC6B0F147C308F00A1E9A8 /* CoreGraphics.framework in Frameworks */ = {isa = PBXBuildFile; fileRef = ACFC6B0E147C308F00A1E9A8 /* CoreGraphics.framework */; };
		ACFC6B15147C308F00A1E9A8 /* InfoPlist.strings in Resources */ = {isa = PBXBuildFile; fileRef = ACFC6B13147C308F00A1E9A8 /* InfoPlist.strings */; };
		ACFC6B17147C308F00A1E9A8 /* main.m in Sources */ = {isa = PBXBuildFile; fileRef = ACFC6B16147C308F00A1E9A8 /* main.m */; };
		ACFC6B1B147C308F00A1E9A8 /* AppDelegate.m in Sources */ = {isa = PBXBuildFile; fileRef = ACFC6B1A147C308F00A1E9A8 /* AppDelegate.m */; };
		ACFC6B1E147C308F00A1E9A8 /* ViewController.m in Sources */ = {isa = PBXBuildFile; fileRef = ACFC6B1D147C308F00A1E9A8 /* ViewController.m */; };
		ACFC6B21147C308F00A1E9A8 /* ViewController.xib in Resources */ = {isa = PBXBuildFile; fileRef = ACFC6B1F147C308F00A1E9A8 /* ViewController.xib */; };
		ACFC6B44147C31D100A1E9A8 /* button_down.png in Resources */ = {isa = PBXBuildFile; fileRef = ACFC6B3F147C31D100A1E9A8 /* button_down.png */; };
		ACFC6B45147C31D100A1E9A8 /* button.png in Resources */ = {isa = PBXBuildFile; fileRef = ACFC6B40147C31D100A1E9A8 /* button.png */; };
		ACFC6B46147C31D100A1E9A8 /* clipboard_background.png in Resources */ = {isa = PBXBuildFile; fileRef = ACFC6B41147C31D100A1E9A8 /* clipboard_background.png */; };
		ACFC6B47147C31D100A1E9A8 /* settings_button_down.png in Resources */ = {isa = PBXBuildFile; fileRef = ACFC6B42147C31D100A1E9A8 /* settings_button_down.png */; };
		ACFC6B48147C31D100A1E9A8 /* settings_button.png in Resources */ = {isa = PBXBuildFile; fileRef = ACFC6B43147C31D100A1E9A8 /* settings_button.png */; };
		ACFC9CFF14D03A1E00AAE3ED /* TransitionController.m in Sources */ = {isa = PBXBuildFile; fileRef = ACFC9CFE14D03A1E00AAE3ED /* TransitionController.m */; };
/* End PBXBuildFile section */

/* Begin PBXFileReference section */
		A6073F7E1559692A00B384E9 /* CoreFoundation.framework */ = {isa = PBXFileReference; lastKnownFileType = wrapper.framework; name = CoreFoundation.framework; path = System/Library/Frameworks/CoreFoundation.framework; sourceTree = SDKROOT; };
		A6572E5E15597CD60004887F /* libRestKit.a */ = {isa = PBXFileReference; lastKnownFileType = archive.ar; name = libRestKit.a; path = "../../../Downloads/RestKit-RestKit-a7298fa/Build/Products/Debug-iphonesimulator/libRestKit.a"; sourceTree = "<group>"; };
		A67B4A741558794000A86C7D /* QuartzCore.framework */ = {isa = PBXFileReference; lastKnownFileType = wrapper.framework; name = QuartzCore.framework; path = System/Library/Frameworks/QuartzCore.framework; sourceTree = SDKROOT; };
		A690D4751577C9F0002155BE /* Icon-72.png */ = {isa = PBXFileReference; lastKnownFileType = image.png; path = "Icon-72.png"; sourceTree = "<group>"; };
		A690D4761577C9F0002155BE /* Icon-Small.png */ = {isa = PBXFileReference; lastKnownFileType = image.png; path = "Icon-Small.png"; sourceTree = "<group>"; };
		A690D4771577C9F0002155BE /* Icon-Small@2x.png */ = {isa = PBXFileReference; lastKnownFileType = image.png; path = "Icon-Small@2x.png"; sourceTree = "<group>"; };
		A690D4781577C9F0002155BE /* iTunesArtwork */ = {isa = PBXFileReference; lastKnownFileType = file; path = iTunesArtwork; sourceTree = "<group>"; };
		A690D4791577C9F0002155BE /* iTunesArtwork@2x */ = {isa = PBXFileReference; lastKnownFileType = file; path = "iTunesArtwork@2x"; sourceTree = "<group>"; };
		A6C739F1155C11680099322F /* LICENSE.txt */ = {isa = PBXFileReference; fileEncoding = 4; lastKnownFileType = text; path = LICENSE.txt; sourceTree = "<group>"; };
		A6C739F2155C11680099322F /* README.txt */ = {isa = PBXFileReference; fileEncoding = 4; lastKnownFileType = text; path = README.txt; sourceTree = "<group>"; };
		AC33D06A14DC362700B37769 /* Page1_background_skip_enabled.png */ = {isa = PBXFileReference; lastKnownFileType = image.png; path = Page1_background_skip_enabled.png; sourceTree = "<group>"; };
		AC33D06B14DC362700B37769 /* Page1_background_skip_gray.png */ = {isa = PBXFileReference; lastKnownFileType = image.png; path = Page1_background_skip_gray.png; sourceTree = "<group>"; };
		AC33D06C14DC362700B37769 /* Page2_background_skip_enabled.png */ = {isa = PBXFileReference; lastKnownFileType = image.png; path = Page2_background_skip_enabled.png; sourceTree = "<group>"; };
		AC33D06D14DC362700B37769 /* Page2_background_skip_gray.png */ = {isa = PBXFileReference; lastKnownFileType = image.png; path = Page2_background_skip_gray.png; sourceTree = "<group>"; };
		AC4454FD14E59D6000FA8BBF /* CFNetwork.framework */ = {isa = PBXFileReference; lastKnownFileType = wrapper.framework; name = CFNetwork.framework; path = System/Library/Frameworks/CFNetwork.framework; sourceTree = SDKROOT; };
		AC4454FE14E59D6000FA8BBF /* CoreData.framework */ = {isa = PBXFileReference; lastKnownFileType = wrapper.framework; name = CoreData.framework; path = System/Library/Frameworks/CoreData.framework; sourceTree = SDKROOT; };
		AC4454FF14E59D6000FA8BBF /* libxml2.dylib */ = {isa = PBXFileReference; lastKnownFileType = "compiled.mach-o.dylib"; name = libxml2.dylib; path = usr/lib/libxml2.dylib; sourceTree = SDKROOT; };
		AC44550014E59D6000FA8BBF /* MobileCoreServices.framework */ = {isa = PBXFileReference; lastKnownFileType = wrapper.framework; name = MobileCoreServices.framework; path = System/Library/Frameworks/MobileCoreServices.framework; sourceTree = SDKROOT; };
		AC44550114E59D6000FA8BBF /* Security.framework */ = {isa = PBXFileReference; lastKnownFileType = wrapper.framework; name = Security.framework; path = System/Library/Frameworks/Security.framework; sourceTree = SDKROOT; };
		AC44550214E59D6000FA8BBF /* SystemConfiguration.framework */ = {isa = PBXFileReference; lastKnownFileType = wrapper.framework; name = SystemConfiguration.framework; path = System/Library/Frameworks/SystemConfiguration.framework; sourceTree = SDKROOT; };
		AC44550914E5A33B00FA8BBF /* ClipWS.h */ = {isa = PBXFileReference; fileEncoding = 4; lastKnownFileType = sourcecode.c.h; path = ClipWS.h; sourceTree = "<group>"; };
		AC44550A14E5A33B00FA8BBF /* ClipWS.m */ = {isa = PBXFileReference; fileEncoding = 4; lastKnownFileType = sourcecode.c.objc; path = ClipWS.m; sourceTree = "<group>"; };
		AC44550C14E5BE5200FA8BBF /* LocationCodes.h */ = {isa = PBXFileReference; fileEncoding = 4; lastKnownFileType = sourcecode.c.h; path = LocationCodes.h; sourceTree = "<group>"; };
		AC44550D14E5BE5200FA8BBF /* LocationCodes.m */ = {isa = PBXFileReference; fileEncoding = 4; lastKnownFileType = sourcecode.c.objc; path = LocationCodes.m; sourceTree = "<group>"; };
		AC58D6F0149ED2B200E2F095 /* PatientGenderVC.h */ = {isa = PBXFileReference; fileEncoding = 4; lastKnownFileType = sourcecode.c.h; path = PatientGenderVC.h; sourceTree = "<group>"; };
		AC58D6F1149ED2B200E2F095 /* PatientGenderVC.m */ = {isa = PBXFileReference; fileEncoding = 4; lastKnownFileType = sourcecode.c.objc; path = PatientGenderVC.m; sourceTree = "<group>"; };
		AC58D6F2149ED2B200E2F095 /* PatientGenderVC.xib */ = {isa = PBXFileReference; fileEncoding = 4; lastKnownFileType = file.xib; path = PatientGenderVC.xib; sourceTree = "<group>"; };
		AC66E8A414D8114E00F94342 /* Debug.h */ = {isa = PBXFileReference; fileEncoding = 4; lastKnownFileType = sourcecode.c.h; path = Debug.h; sourceTree = "<group>"; };
		AC66E8A614D8116300F94342 /* AppManager.h */ = {isa = PBXFileReference; fileEncoding = 4; lastKnownFileType = sourcecode.c.h; path = AppManager.h; sourceTree = "<group>"; };
		AC66E8A714D8116300F94342 /* AppManager.m */ = {isa = PBXFileReference; fileEncoding = 4; lastKnownFileType = sourcecode.c.objc; path = AppManager.m; sourceTree = "<group>"; };
		AC7A355E14ED4E250063A0C2 /* CdaWriter.h */ = {isa = PBXFileReference; fileEncoding = 4; lastKnownFileType = sourcecode.c.h; path = CdaWriter.h; sourceTree = "<group>"; };
		AC7A355F14ED4E250063A0C2 /* CdaWriter.m */ = {isa = PBXFileReference; fileEncoding = 4; lastKnownFileType = sourcecode.c.objc; path = CdaWriter.m; sourceTree = "<group>"; };
		AC807EFB14D1999700773052 /* ClipDataManager.h */ = {isa = PBXFileReference; fileEncoding = 4; lastKnownFileType = sourcecode.c.h; path = ClipDataManager.h; sourceTree = "<group>"; };
		AC807EFC14D1999700773052 /* ClipDataManager.m */ = {isa = PBXFileReference; fileEncoding = 4; lastKnownFileType = sourcecode.c.objc; path = ClipDataManager.m; sourceTree = "<group>"; };
		AC938AED14B4A43900DFE152 /* SkinPrepUsed.h */ = {isa = PBXFileReference; fileEncoding = 4; lastKnownFileType = sourcecode.c.h; path = SkinPrepUsed.h; sourceTree = "<group>"; };
		AC938AEE14B4A43900DFE152 /* SkinPrepUsed.m */ = {isa = PBXFileReference; fileEncoding = 4; lastKnownFileType = sourcecode.c.objc; path = SkinPrepUsed.m; sourceTree = "<group>"; };
		AC938AEF14B4A43900DFE152 /* SkinPrepUsed.xib */ = {isa = PBXFileReference; fileEncoding = 4; lastKnownFileType = file.xib; path = SkinPrepUsed.xib; sourceTree = "<group>"; };
		AC93FD9814C9C3640072493C /* ClipDataObject.h */ = {isa = PBXFileReference; fileEncoding = 4; lastKnownFileType = sourcecode.c.h; path = ClipDataObject.h; sourceTree = "<group>"; };
		AC93FD9914C9C3640072493C /* ClipDataObject.m */ = {isa = PBXFileReference; fileEncoding = 4; lastKnownFileType = sourcecode.c.objc; path = ClipDataObject.m; sourceTree = "<group>"; };
		AC93FD9C14C9C3DC0072493C /* ClipDataProperty.h */ = {isa = PBXFileReference; fileEncoding = 4; lastKnownFileType = sourcecode.c.h; path = ClipDataProperty.h; sourceTree = "<group>"; };
		AC93FD9D14C9C3DC0072493C /* ClipDataProperty.m */ = {isa = PBXFileReference; fileEncoding = 4; lastKnownFileType = sourcecode.c.objc; path = ClipDataProperty.m; sourceTree = "<group>"; };
		AC944E8114A0D52D0084E052 /* PatientBirthDateVC.h */ = {isa = PBXFileReference; fileEncoding = 4; lastKnownFileType = sourcecode.c.h; path = PatientBirthDateVC.h; sourceTree = "<group>"; };
		AC944E8214A0D52D0084E052 /* PatientBirthDateVC.m */ = {isa = PBXFileReference; fileEncoding = 4; lastKnownFileType = sourcecode.c.objc; path = PatientBirthDateVC.m; sourceTree = "<group>"; };
		AC944E8314A0D52D0084E052 /* PatientBirthDateVC.xib */ = {isa = PBXFileReference; fileEncoding = 4; lastKnownFileType = file.xib; path = PatientBirthDateVC.xib; sourceTree = "<group>"; };
		ACA76EB214D96FA6007D4445 /* Settings.bundle */ = {isa = PBXFileReference; lastKnownFileType = "wrapper.plug-in"; path = Settings.bundle; sourceTree = "<group>"; };
		ACA99B0D14B4C9FB003AC1EF /* SkinDryVC.h */ = {isa = PBXFileReference; fileEncoding = 4; lastKnownFileType = sourcecode.c.h; path = SkinDryVC.h; sourceTree = "<group>"; };
		ACA99B0E14B4C9FB003AC1EF /* SkinDryVC.m */ = {isa = PBXFileReference; fileEncoding = 4; lastKnownFileType = sourcecode.c.objc; path = SkinDryVC.m; sourceTree = "<group>"; };
		ACA99B0F14B4C9FB003AC1EF /* SkinDryVC.xib */ = {isa = PBXFileReference; fileEncoding = 4; lastKnownFileType = file.xib; path = SkinDryVC.xib; sourceTree = "<group>"; };
		ACA99B1214B4CFA0003AC1EF /* InsertionSiteVC.h */ = {isa = PBXFileReference; fileEncoding = 4; lastKnownFileType = sourcecode.c.h; path = InsertionSiteVC.h; sourceTree = "<group>"; };
		ACA99B1314B4CFA0003AC1EF /* InsertionSiteVC.m */ = {isa = PBXFileReference; fileEncoding = 4; lastKnownFileType = sourcecode.c.objc; path = InsertionSiteVC.m; sourceTree = "<group>"; };
		ACA99B1414B4CFA0003AC1EF /* InsertionSiteVC.xib */ = {isa = PBXFileReference; fileEncoding = 4; lastKnownFileType = file.xib; path = InsertionSiteVC.xib; sourceTree = "<group>"; };
		ACA99B1714B4E207003AC1EF /* CatheterTypeVC.h */ = {isa = PBXFileReference; fileEncoding = 4; lastKnownFileType = sourcecode.c.h; path = CatheterTypeVC.h; sourceTree = "<group>"; };
		ACA99B1814B4E207003AC1EF /* CatheterTypeVC.m */ = {isa = PBXFileReference; fileEncoding = 4; lastKnownFileType = sourcecode.c.objc; path = CatheterTypeVC.m; sourceTree = "<group>"; };
		ACA99B1914B4E207003AC1EF /* CatheterTypeVC.xib */ = {isa = PBXFileReference; fileEncoding = 4; lastKnownFileType = file.xib; path = CatheterTypeVC.xib; sourceTree = "<group>"; };
		ACC0EDFF14A29FC6001FB8D5 /* PersonRecordingVC.h */ = {isa = PBXFileReference; fileEncoding = 4; lastKnownFileType = sourcecode.c.h; path = PersonRecordingVC.h; sourceTree = "<group>"; };
		ACC0EE0014A29FC6001FB8D5 /* PersonRecordingVC.m */ = {isa = PBXFileReference; fileEncoding = 4; lastKnownFileType = sourcecode.c.objc; path = PersonRecordingVC.m; sourceTree = "<group>"; };
		ACC0EE0114A29FC6001FB8D5 /* PersonRecordingVC.xib */ = {isa = PBXFileReference; fileEncoding = 4; lastKnownFileType = file.xib; path = PersonRecordingVC.xib; sourceTree = "<group>"; };
		ACC0EE0414A2A4BF001FB8D5 /* InserterOccupationVC.h */ = {isa = PBXFileReference; fileEncoding = 4; lastKnownFileType = sourcecode.c.h; path = InserterOccupationVC.h; sourceTree = "<group>"; };
		ACC0EE0514A2A4BF001FB8D5 /* InserterOccupationVC.m */ = {isa = PBXFileReference; fileEncoding = 4; lastKnownFileType = sourcecode.c.objc; path = InserterOccupationVC.m; sourceTree = "<group>"; };
		ACC0EE0614A2A4BF001FB8D5 /* InserterOccupationVC.xib */ = {isa = PBXFileReference; fileEncoding = 4; lastKnownFileType = file.xib; path = InserterOccupationVC.xib; sourceTree = "<group>"; };
		ACC0EE0914A35C13001FB8D5 /* InsertionReasonVC.h */ = {isa = PBXFileReference; fileEncoding = 4; lastKnownFileType = sourcecode.c.h; path = InsertionReasonVC.h; sourceTree = "<group>"; };
		ACC0EE0A14A35C13001FB8D5 /* InsertionReasonVC.m */ = {isa = PBXFileReference; fileEncoding = 4; lastKnownFileType = sourcecode.c.objc; path = InsertionReasonVC.m; sourceTree = "<group>"; };
		ACC0EE0B14A35C13001FB8D5 /* InsertionReasonVC.xib */ = {isa = PBXFileReference; fileEncoding = 4; lastKnownFileType = file.xib; path = InsertionReasonVC.xib; sourceTree = "<group>"; };
		ACC0EE0E14A361C0001FB8D5 /* HandHygienePerformedVC.h */ = {isa = PBXFileReference; fileEncoding = 4; lastKnownFileType = sourcecode.c.h; path = HandHygienePerformedVC.h; sourceTree = "<group>"; };
		ACC0EE0F14A361C0001FB8D5 /* HandHygienePerformedVC.m */ = {isa = PBXFileReference; fileEncoding = 4; lastKnownFileType = sourcecode.c.objc; path = HandHygienePerformedVC.m; sourceTree = "<group>"; };
		ACC0EE1014A361C0001FB8D5 /* HandHygienePerformedVC.xib */ = {isa = PBXFileReference; fileEncoding = 4; lastKnownFileType = file.xib; path = HandHygienePerformedVC.xib; sourceTree = "<group>"; };
		ACC641DA14CADBAC004F899A /* Page1_active_skip.png */ = {isa = PBXFileReference; lastKnownFileType = image.png; path = Page1_active_skip.png; sourceTree = "<group>"; };
		ACC641DB14CADBAC004F899A /* Page1_grayed_skip.png */ = {isa = PBXFileReference; lastKnownFileType = image.png; path = Page1_grayed_skip.png; sourceTree = "<group>"; };
		ACC641DC14CADBAC004F899A /* Page2_active_skip.png */ = {isa = PBXFileReference; lastKnownFileType = image.png; path = Page2_active_skip.png; sourceTree = "<group>"; };
		ACC641DD14CADBAC004F899A /* Page2_grayed_skip.png */ = {isa = PBXFileReference; lastKnownFileType = image.png; path = Page2_grayed_skip.png; sourceTree = "<group>"; };
		ACC641E514CADD2C004F899A /* clear_all_button_down.png */ = {isa = PBXFileReference; lastKnownFileType = image.png; path = clear_all_button_down.png; sourceTree = "<group>"; };
		ACC641E614CADD2C004F899A /* clear_all_button.png */ = {isa = PBXFileReference; lastKnownFileType = image.png; path = clear_all_button.png; sourceTree = "<group>"; };
		ACC641E714CADD2C004F899A /* done_button_down.png */ = {isa = PBXFileReference; lastKnownFileType = image.png; path = done_button_down.png; sourceTree = "<group>"; };
		ACC641E814CADD2C004F899A /* done_button.png */ = {isa = PBXFileReference; lastKnownFileType = image.png; path = done_button.png; sourceTree = "<group>"; };
		ACC641E914CADD2C004F899A /* inserter_selected.png */ = {isa = PBXFileReference; lastKnownFileType = image.png; path = inserter_selected.png; sourceTree = "<group>"; };
		ACC641EA14CADD2C004F899A /* inserter_unselected.png */ = {isa = PBXFileReference; lastKnownFileType = image.png; path = inserter_unselected.png; sourceTree = "<group>"; };
		ACC641EB14CADD2C004F899A /* next_button_down.png */ = {isa = PBXFileReference; lastKnownFileType = image.png; path = next_button_down.png; sourceTree = "<group>"; };
		ACC641EC14CADD2C004F899A /* next_button.png */ = {isa = PBXFileReference; lastKnownFileType = image.png; path = next_button.png; sourceTree = "<group>"; };
		ACC641ED14CADD2C004F899A /* no_grayed.png */ = {isa = PBXFileReference; lastKnownFileType = image.png; path = no_grayed.png; sourceTree = "<group>"; };
		ACC641EE14CADD2C004F899A /* no_selected.png */ = {isa = PBXFileReference; lastKnownFileType = image.png; path = no_selected.png; sourceTree = "<group>"; };
		ACC641EF14CADD2C004F899A /* no_unselected.png */ = {isa = PBXFileReference; lastKnownFileType = image.png; path = no_unselected.png; sourceTree = "<group>"; };
		ACC641F014CADD2C004F899A /* observer_selected.png */ = {isa = PBXFileReference; lastKnownFileType = image.png; path = observer_selected.png; sourceTree = "<group>"; };
		ACC641F114CADD2C004F899A /* observer_unselected.png */ = {isa = PBXFileReference; lastKnownFileType = image.png; path = observer_unselected.png; sourceTree = "<group>"; };
		ACC641F214CADD2C004F899A /* previous_button_down.png */ = {isa = PBXFileReference; lastKnownFileType = image.png; path = previous_button_down.png; sourceTree = "<group>"; };
		ACC641F314CADD2C004F899A /* previous_button.png */ = {isa = PBXFileReference; lastKnownFileType = image.png; path = previous_button.png; sourceTree = "<group>"; };
		ACC641F414CADD2C004F899A /* submit_button_down.png */ = {isa = PBXFileReference; lastKnownFileType = image.png; path = submit_button_down.png; sourceTree = "<group>"; };
		ACC641F514CADD2C004F899A /* submit_button.png */ = {isa = PBXFileReference; lastKnownFileType = image.png; path = submit_button.png; sourceTree = "<group>"; };
		ACC641F614CADD2C004F899A /* yes_grayed.png */ = {isa = PBXFileReference; lastKnownFileType = image.png; path = yes_grayed.png; sourceTree = "<group>"; };
		ACC641F714CADD2C004F899A /* yes_selected.png */ = {isa = PBXFileReference; lastKnownFileType = image.png; path = yes_selected.png; sourceTree = "<group>"; };
		ACC641F814CADD2C004F899A /* yes_unselected.png */ = {isa = PBXFileReference; lastKnownFileType = image.png; path = yes_unselected.png; sourceTree = "<group>"; };
		ACD9E3CE14A3C116002EF849 /* SterileBarriersUsedVC.h */ = {isa = PBXFileReference; fileEncoding = 4; lastKnownFileType = sourcecode.c.h; path = SterileBarriersUsedVC.h; sourceTree = "<group>"; };
		ACD9E3CF14A3C116002EF849 /* SterileBarriersUsedVC.m */ = {isa = PBXFileReference; fileEncoding = 4; lastKnownFileType = sourcecode.c.objc; path = SterileBarriersUsedVC.m; sourceTree = "<group>"; };
		ACD9E3D014A3C116002EF849 /* SterileBarriersUsedVC.xib */ = {isa = PBXFileReference; fileEncoding = 4; lastKnownFileType = file.xib; path = SterileBarriersUsedVC.xib; sourceTree = "<group>"; };
		ACDA127A14FEA57C009C75D9 /* EulaViewController.h */ = {isa = PBXFileReference; fileEncoding = 4; lastKnownFileType = sourcecode.c.h; path = EulaViewController.h; sourceTree = "<group>"; };
		ACDA127B14FEA57C009C75D9 /* EulaViewController.m */ = {isa = PBXFileReference; fileEncoding = 4; lastKnownFileType = sourcecode.c.objc; path = EulaViewController.m; sourceTree = "<group>"; };
		ACDA127C14FEA57C009C75D9 /* EulaViewController.xib */ = {isa = PBXFileReference; fileEncoding = 4; lastKnownFileType = file.xib; path = EulaViewController.xib; sourceTree = "<group>"; };
		ACDA128014FEA75F009C75D9 /* eula.html */ = {isa = PBXFileReference; fileEncoding = 4; lastKnownFileType = text.html; path = eula.html; sourceTree = "<group>"; };
		ACDA128614FEB5E9009C75D9 /* ModalViewDelegate.h */ = {isa = PBXFileReference; fileEncoding = 4; lastKnownFileType = sourcecode.c.h; path = ModalViewDelegate.h; sourceTree = "<group>"; };
		ACDA128714FED3CD009C75D9 /* eula.png */ = {isa = PBXFileReference; lastKnownFileType = image.png; path = eula.png; sourceTree = "<group>"; };
		ACE97E4F14A20592009A5D79 /* PatientIdVC.h */ = {isa = PBXFileReference; fileEncoding = 4; lastKnownFileType = sourcecode.c.h; path = PatientIdVC.h; sourceTree = "<group>"; };
		ACE97E5014A20592009A5D79 /* PatientIdVC.m */ = {isa = PBXFileReference; fileEncoding = 4; lastKnownFileType = sourcecode.c.objc; path = PatientIdVC.m; sourceTree = "<group>"; };
		ACE97E5114A20592009A5D79 /* PatientIdVC.xib */ = {isa = PBXFileReference; fileEncoding = 4; lastKnownFileType = file.xib; path = PatientIdVC.xib; sourceTree = "<group>"; };
		ACE97E5914A28CBF009A5D79 /* InsertionDateVC.h */ = {isa = PBXFileReference; fileEncoding = 4; lastKnownFileType = sourcecode.c.h; path = InsertionDateVC.h; sourceTree = "<group>"; };
		ACE97E5A14A28CBF009A5D79 /* InsertionDateVC.m */ = {isa = PBXFileReference; fileEncoding = 4; lastKnownFileType = sourcecode.c.objc; path = InsertionDateVC.m; sourceTree = "<group>"; };
		ACE97E5B14A28CBF009A5D79 /* InsertionDateVC.xib */ = {isa = PBXFileReference; fileEncoding = 4; lastKnownFileType = file.xib; path = InsertionDateVC.xib; sourceTree = "<group>"; };
		ACF0A37C14CDF9760045A260 /* ViewController2.h */ = {isa = PBXFileReference; fileEncoding = 4; lastKnownFileType = sourcecode.c.h; path = ViewController2.h; sourceTree = "<group>"; };
		ACF0A37D14CDF9760045A260 /* ViewController2.m */ = {isa = PBXFileReference; fileEncoding = 4; lastKnownFileType = sourcecode.c.objc; path = ViewController2.m; sourceTree = "<group>"; };
		ACF0A37E14CDF9770045A260 /* ViewController2.xib */ = {isa = PBXFileReference; fileEncoding = 4; lastKnownFileType = file.xib; path = ViewController2.xib; sourceTree = "<group>"; };
		ACF111FA14EA8DBC00A5C0AC /* LocationVC.h */ = {isa = PBXFileReference; fileEncoding = 4; lastKnownFileType = sourcecode.c.h; path = LocationVC.h; sourceTree = "<group>"; };
		ACF111FB14EA8DBC00A5C0AC /* LocationVC.m */ = {isa = PBXFileReference; fileEncoding = 4; lastKnownFileType = sourcecode.c.objc; path = LocationVC.m; sourceTree = "<group>"; };
		ACF111FC14EA8DBC00A5C0AC /* LocationVC.xib */ = {isa = PBXFileReference; fileEncoding = 4; lastKnownFileType = file.xib; path = LocationVC.xib; sourceTree = "<group>"; };
		ACFC6B06147C308F00A1E9A8 /* clipam.app */ = {isa = PBXFileReference; explicitFileType = wrapper.application; includeInIndex = 0; path = clipam.app; sourceTree = BUILT_PRODUCTS_DIR; };
		ACFC6B0A147C308F00A1E9A8 /* UIKit.framework */ = {isa = PBXFileReference; lastKnownFileType = wrapper.framework; name = UIKit.framework; path = System/Library/Frameworks/UIKit.framework; sourceTree = SDKROOT; };
		ACFC6B0C147C308F00A1E9A8 /* Foundation.framework */ = {isa = PBXFileReference; lastKnownFileType = wrapper.framework; name = Foundation.framework; path = System/Library/Frameworks/Foundation.framework; sourceTree = SDKROOT; };
		ACFC6B0E147C308F00A1E9A8 /* CoreGraphics.framework */ = {isa = PBXFileReference; lastKnownFileType = wrapper.framework; name = CoreGraphics.framework; path = System/Library/Frameworks/CoreGraphics.framework; sourceTree = SDKROOT; };
		ACFC6B12147C308F00A1E9A8 /* clipam-Info.plist */ = {isa = PBXFileReference; lastKnownFileType = text.plist.xml; path = "clipam-Info.plist"; sourceTree = "<group>"; };
		ACFC6B14147C308F00A1E9A8 /* en */ = {isa = PBXFileReference; lastKnownFileType = text.plist.strings; name = en; path = en.lproj/InfoPlist.strings; sourceTree = "<group>"; };
		ACFC6B16147C308F00A1E9A8 /* main.m */ = {isa = PBXFileReference; lastKnownFileType = sourcecode.c.objc; path = main.m; sourceTree = "<group>"; };
		ACFC6B18147C308F00A1E9A8 /* clipam-Prefix.pch */ = {isa = PBXFileReference; lastKnownFileType = sourcecode.c.h; path = "clipam-Prefix.pch"; sourceTree = "<group>"; };
		ACFC6B19147C308F00A1E9A8 /* AppDelegate.h */ = {isa = PBXFileReference; lastKnownFileType = sourcecode.c.h; path = AppDelegate.h; sourceTree = "<group>"; };
		ACFC6B1A147C308F00A1E9A8 /* AppDelegate.m */ = {isa = PBXFileReference; lastKnownFileType = sourcecode.c.objc; path = AppDelegate.m; sourceTree = "<group>"; };
		ACFC6B1C147C308F00A1E9A8 /* ViewController.h */ = {isa = PBXFileReference; lastKnownFileType = sourcecode.c.h; path = ViewController.h; sourceTree = "<group>"; };
		ACFC6B1D147C308F00A1E9A8 /* ViewController.m */ = {isa = PBXFileReference; lastKnownFileType = sourcecode.c.objc; path = ViewController.m; sourceTree = "<group>"; };
		ACFC6B20147C308F00A1E9A8 /* en */ = {isa = PBXFileReference; lastKnownFileType = file.xib; name = en; path = en.lproj/ViewController.xib; sourceTree = "<group>"; };
		ACFC6B28147C308F00A1E9A8 /* SenTestingKit.framework */ = {isa = PBXFileReference; lastKnownFileType = wrapper.framework; name = SenTestingKit.framework; path = Library/Frameworks/SenTestingKit.framework; sourceTree = DEVELOPER_DIR; };
		ACFC6B30147C308F00A1E9A8 /* clipamTests-Info.plist */ = {isa = PBXFileReference; lastKnownFileType = text.plist.xml; path = "clipamTests-Info.plist"; sourceTree = "<group>"; };
		ACFC6B32147C308F00A1E9A8 /* en */ = {isa = PBXFileReference; lastKnownFileType = text.plist.strings; name = en; path = en.lproj/InfoPlist.strings; sourceTree = "<group>"; };
		ACFC6B34147C308F00A1E9A8 /* clipamTests.h */ = {isa = PBXFileReference; lastKnownFileType = sourcecode.c.h; path = clipamTests.h; sourceTree = "<group>"; };
		ACFC6B35147C308F00A1E9A8 /* clipamTests.m */ = {isa = PBXFileReference; lastKnownFileType = sourcecode.c.objc; path = clipamTests.m; sourceTree = "<group>"; };
		ACFC6B3F147C31D100A1E9A8 /* button_down.png */ = {isa = PBXFileReference; lastKnownFileType = image.png; path = button_down.png; sourceTree = "<group>"; };
		ACFC6B40147C31D100A1E9A8 /* button.png */ = {isa = PBXFileReference; lastKnownFileType = image.png; path = button.png; sourceTree = "<group>"; };
		ACFC6B41147C31D100A1E9A8 /* clipboard_background.png */ = {isa = PBXFileReference; lastKnownFileType = image.png; path = clipboard_background.png; sourceTree = "<group>"; };
		ACFC6B42147C31D100A1E9A8 /* settings_button_down.png */ = {isa = PBXFileReference; lastKnownFileType = image.png; path = settings_button_down.png; sourceTree = "<group>"; };
		ACFC6B43147C31D100A1E9A8 /* settings_button.png */ = {isa = PBXFileReference; lastKnownFileType = image.png; path = settings_button.png; sourceTree = "<group>"; };
		ACFC9CFD14D03A1E00AAE3ED /* TransitionController.h */ = {isa = PBXFileReference; fileEncoding = 4; lastKnownFileType = sourcecode.c.h; path = TransitionController.h; sourceTree = "<group>"; };
		ACFC9CFE14D03A1E00AAE3ED /* TransitionController.m */ = {isa = PBXFileReference; fileEncoding = 4; lastKnownFileType = sourcecode.c.objc; path = TransitionController.m; sourceTree = "<group>"; };
/* End PBXFileReference section */

/* Begin PBXFrameworksBuildPhase section */
		ACFC6B03147C308F00A1E9A8 /* Frameworks */ = {
			isa = PBXFrameworksBuildPhase;
			buildActionMask = 2147483647;
			files = (
				A6073F7F1559692A00B384E9 /* CoreFoundation.framework in Frameworks */,
				AC44550514E59D6000FA8BBF /* libxml2.dylib in Frameworks */,
				A67B4A751558794000A86C7D /* QuartzCore.framework in Frameworks */,
				AC44550314E59D6000FA8BBF /* CFNetwork.framework in Frameworks */,
				AC44550414E59D6000FA8BBF /* CoreData.framework in Frameworks */,
				AC44550614E59D6000FA8BBF /* MobileCoreServices.framework in Frameworks */,
				AC44550714E59D6000FA8BBF /* Security.framework in Frameworks */,
				AC44550814E59D6000FA8BBF /* SystemConfiguration.framework in Frameworks */,
				ACFC6B0B147C308F00A1E9A8 /* UIKit.framework in Frameworks */,
				ACFC6B0D147C308F00A1E9A8 /* Foundation.framework in Frameworks */,
				ACFC6B0F147C308F00A1E9A8 /* CoreGraphics.framework in Frameworks */,
			);
			runOnlyForDeploymentPostprocessing = 0;
		};
/* End PBXFrameworksBuildPhase section */

/* Begin PBXGroup section */
		A690D46715779A53002155BE /* Resources */ = {
			isa = PBXGroup;
			children = (
				A690D4751577C9F0002155BE /* Icon-72.png */,
				A690D4761577C9F0002155BE /* Icon-Small.png */,
				A690D4771577C9F0002155BE /* Icon-Small@2x.png */,
				A690D4781577C9F0002155BE /* iTunesArtwork */,
				A690D4791577C9F0002155BE /* iTunesArtwork@2x */,
			);
			name = Resources;
			sourceTree = "<group>";
		};
		ACC641E414CADBDD004F899A /* Images */ = {
			isa = PBXGroup;
			children = (
				ACDA128714FED3CD009C75D9 /* eula.png */,
				AC33D06A14DC362700B37769 /* Page1_background_skip_enabled.png */,
				AC33D06B14DC362700B37769 /* Page1_background_skip_gray.png */,
				AC33D06C14DC362700B37769 /* Page2_background_skip_enabled.png */,
				AC33D06D14DC362700B37769 /* Page2_background_skip_gray.png */,
				ACC641E514CADD2C004F899A /* clear_all_button_down.png */,
				ACC641E614CADD2C004F899A /* clear_all_button.png */,
				ACC641E714CADD2C004F899A /* done_button_down.png */,
				ACC641E814CADD2C004F899A /* done_button.png */,
				ACC641E914CADD2C004F899A /* inserter_selected.png */,
				ACC641EA14CADD2C004F899A /* inserter_unselected.png */,
				ACC641EB14CADD2C004F899A /* next_button_down.png */,
				ACC641EC14CADD2C004F899A /* next_button.png */,
				ACC641ED14CADD2C004F899A /* no_grayed.png */,
				ACC641EE14CADD2C004F899A /* no_selected.png */,
				ACC641EF14CADD2C004F899A /* no_unselected.png */,
				ACC641F014CADD2C004F899A /* observer_selected.png */,
				ACC641F114CADD2C004F899A /* observer_unselected.png */,
				ACC641F214CADD2C004F899A /* previous_button_down.png */,
				ACC641F314CADD2C004F899A /* previous_button.png */,
				ACC641F414CADD2C004F899A /* submit_button_down.png */,
				ACC641F514CADD2C004F899A /* submit_button.png */,
				ACC641F614CADD2C004F899A /* yes_grayed.png */,
				ACC641F714CADD2C004F899A /* yes_selected.png */,
				ACC641F814CADD2C004F899A /* yes_unselected.png */,
				ACFC6B43147C31D100A1E9A8 /* settings_button.png */,
				ACFC6B42147C31D100A1E9A8 /* settings_button_down.png */,
				ACFC6B41147C31D100A1E9A8 /* clipboard_background.png */,
				ACFC6B40147C31D100A1E9A8 /* button.png */,
				ACFC6B3F147C31D100A1E9A8 /* button_down.png */,
				ACC641DA14CADBAC004F899A /* Page1_active_skip.png */,
				ACC641DB14CADBAC004F899A /* Page1_grayed_skip.png */,
				ACC641DC14CADBAC004F899A /* Page2_active_skip.png */,
				ACC641DD14CADBAC004F899A /* Page2_grayed_skip.png */,
			);
			name = Images;
			path = clipam;
			sourceTree = "<group>";
		};
		ACFC6AFB147C308F00A1E9A8 = {
			isa = PBXGroup;
			children = (
				A690D46715779A53002155BE /* Resources */,
				A6C739F1155C11680099322F /* LICENSE.txt */,
				A6C739F2155C11680099322F /* README.txt */,
				A6073F7E1559692A00B384E9 /* CoreFoundation.framework */,
				ACA76EB214D96FA6007D4445 /* Settings.bundle */,
				AC4454FF14E59D6000FA8BBF /* libxml2.dylib */,
				ACFC6B10147C308F00A1E9A8 /* Classes */,
				ACFC6B2E147C308F00A1E9A8 /* clipamTests */,
				ACFC6B09147C308F00A1E9A8 /* Frameworks */,
				ACC641E414CADBDD004F899A /* Images */,
				ACFC6B07147C308F00A1E9A8 /* Products */,
			);
			sourceTree = "<group>";
		};
		ACFC6B07147C308F00A1E9A8 /* Products */ = {
			isa = PBXGroup;
			children = (
				ACFC6B06147C308F00A1E9A8 /* clipam.app */,
			);
			name = Products;
			sourceTree = "<group>";
		};
		ACFC6B09147C308F00A1E9A8 /* Frameworks */ = {
			isa = PBXGroup;
			children = (
				A6572E5E15597CD60004887F /* libRestKit.a */,
				AC4454FD14E59D6000FA8BBF /* CFNetwork.framework */,
				AC4454FE14E59D6000FA8BBF /* CoreData.framework */,
				AC44550014E59D6000FA8BBF /* MobileCoreServices.framework */,
				A67B4A741558794000A86C7D /* QuartzCore.framework */,
				AC44550114E59D6000FA8BBF /* Security.framework */,
				AC44550214E59D6000FA8BBF /* SystemConfiguration.framework */,
				ACFC6B0A147C308F00A1E9A8 /* UIKit.framework */,
				ACFC6B0C147C308F00A1E9A8 /* Foundation.framework */,
				ACFC6B0E147C308F00A1E9A8 /* CoreGraphics.framework */,
				ACFC6B28147C308F00A1E9A8 /* SenTestingKit.framework */,
			);
			name = Frameworks;
			sourceTree = "<group>";
		};
		ACFC6B10147C308F00A1E9A8 /* Classes */ = {
			isa = PBXGroup;
			children = (
				ACDA128614FEB5E9009C75D9 /* ModalViewDelegate.h */,
				ACDA128014FEA75F009C75D9 /* eula.html */,
				ACDA127A14FEA57C009C75D9 /* EulaViewController.h */,
				ACDA127B14FEA57C009C75D9 /* EulaViewController.m */,
				ACDA127C14FEA57C009C75D9 /* EulaViewController.xib */,
				ACFC6B19147C308F00A1E9A8 /* AppDelegate.h */,
				ACFC6B1A147C308F00A1E9A8 /* AppDelegate.m */,
				AC66E8A614D8116300F94342 /* AppManager.h */,
				AC66E8A714D8116300F94342 /* AppManager.m */,
				ACA99B1714B4E207003AC1EF /* CatheterTypeVC.h */,
				ACA99B1814B4E207003AC1EF /* CatheterTypeVC.m */,
				ACA99B1914B4E207003AC1EF /* CatheterTypeVC.xib */,
				AC7A355E14ED4E250063A0C2 /* CdaWriter.h */,
				AC7A355F14ED4E250063A0C2 /* CdaWriter.m */,
				AC807EFB14D1999700773052 /* ClipDataManager.h */,
				AC807EFC14D1999700773052 /* ClipDataManager.m */,
				AC93FD9814C9C3640072493C /* ClipDataObject.h */,
				AC93FD9914C9C3640072493C /* ClipDataObject.m */,
				AC93FD9C14C9C3DC0072493C /* ClipDataProperty.h */,
				AC93FD9D14C9C3DC0072493C /* ClipDataProperty.m */,
				AC44550914E5A33B00FA8BBF /* ClipWS.h */,
				AC44550A14E5A33B00FA8BBF /* ClipWS.m */,
				AC66E8A414D8114E00F94342 /* Debug.h */,
				ACC0EE0E14A361C0001FB8D5 /* HandHygienePerformedVC.h */,
				ACC0EE0F14A361C0001FB8D5 /* HandHygienePerformedVC.m */,
				ACC0EE1014A361C0001FB8D5 /* HandHygienePerformedVC.xib */,
				ACC0EE0414A2A4BF001FB8D5 /* InserterOccupationVC.h */,
				ACC0EE0514A2A4BF001FB8D5 /* InserterOccupationVC.m */,
				ACC0EE0614A2A4BF001FB8D5 /* InserterOccupationVC.xib */,
				ACE97E5914A28CBF009A5D79 /* InsertionDateVC.h */,
				ACE97E5A14A28CBF009A5D79 /* InsertionDateVC.m */,
				ACE97E5B14A28CBF009A5D79 /* InsertionDateVC.xib */,
				ACC0EE0914A35C13001FB8D5 /* InsertionReasonVC.h */,
				ACC0EE0A14A35C13001FB8D5 /* InsertionReasonVC.m */,
				ACC0EE0B14A35C13001FB8D5 /* InsertionReasonVC.xib */,
				ACA99B1214B4CFA0003AC1EF /* InsertionSiteVC.h */,
				ACA99B1314B4CFA0003AC1EF /* InsertionSiteVC.m */,
				ACA99B1414B4CFA0003AC1EF /* InsertionSiteVC.xib */,
				AC44550C14E5BE5200FA8BBF /* LocationCodes.h */,
				AC44550D14E5BE5200FA8BBF /* LocationCodes.m */,
				ACF111FA14EA8DBC00A5C0AC /* LocationVC.h */,
				ACF111FB14EA8DBC00A5C0AC /* LocationVC.m */,
				ACF111FC14EA8DBC00A5C0AC /* LocationVC.xib */,
				AC944E8114A0D52D0084E052 /* PatientBirthDateVC.h */,
				AC944E8214A0D52D0084E052 /* PatientBirthDateVC.m */,
				AC944E8314A0D52D0084E052 /* PatientBirthDateVC.xib */,
				AC58D6F0149ED2B200E2F095 /* PatientGenderVC.h */,
				AC58D6F1149ED2B200E2F095 /* PatientGenderVC.m */,
				AC58D6F2149ED2B200E2F095 /* PatientGenderVC.xib */,
				ACE97E4F14A20592009A5D79 /* PatientIdVC.h */,
				ACE97E5014A20592009A5D79 /* PatientIdVC.m */,
				ACE97E5114A20592009A5D79 /* PatientIdVC.xib */,
				ACC0EDFF14A29FC6001FB8D5 /* PersonRecordingVC.h */,
				ACC0EE0014A29FC6001FB8D5 /* PersonRecordingVC.m */,
				ACC0EE0114A29FC6001FB8D5 /* PersonRecordingVC.xib */,
				ACA99B0D14B4C9FB003AC1EF /* SkinDryVC.h */,
				ACA99B0E14B4C9FB003AC1EF /* SkinDryVC.m */,
				ACA99B0F14B4C9FB003AC1EF /* SkinDryVC.xib */,
				AC938AED14B4A43900DFE152 /* SkinPrepUsed.h */,
				AC938AEE14B4A43900DFE152 /* SkinPrepUsed.m */,
				AC938AEF14B4A43900DFE152 /* SkinPrepUsed.xib */,
				ACD9E3CE14A3C116002EF849 /* SterileBarriersUsedVC.h */,
				ACD9E3CF14A3C116002EF849 /* SterileBarriersUsedVC.m */,
				ACD9E3D014A3C116002EF849 /* SterileBarriersUsedVC.xib */,
				ACFC6B11147C308F00A1E9A8 /* Supporting Files */,
				ACFC9CFD14D03A1E00AAE3ED /* TransitionController.h */,
				ACFC9CFE14D03A1E00AAE3ED /* TransitionController.m */,
				ACFC6B1C147C308F00A1E9A8 /* ViewController.h */,
				ACFC6B1D147C308F00A1E9A8 /* ViewController.m */,
				ACFC6B1F147C308F00A1E9A8 /* ViewController.xib */,
				ACF0A37C14CDF9760045A260 /* ViewController2.h */,
				ACF0A37D14CDF9760045A260 /* ViewController2.m */,
				ACF0A37E14CDF9770045A260 /* ViewController2.xib */,
			);
			name = Classes;
			path = clipam;
			sourceTree = "<group>";
		};
		ACFC6B11147C308F00A1E9A8 /* Supporting Files */ = {
			isa = PBXGroup;
			children = (
				ACFC6B12147C308F00A1E9A8 /* clipam-Info.plist */,
				ACFC6B13147C308F00A1E9A8 /* InfoPlist.strings */,
				ACFC6B16147C308F00A1E9A8 /* main.m */,
				ACFC6B18147C308F00A1E9A8 /* clipam-Prefix.pch */,
			);
			name = "Supporting Files";
			sourceTree = "<group>";
		};
		ACFC6B2E147C308F00A1E9A8 /* clipamTests */ = {
			isa = PBXGroup;
			children = (
				ACFC6B34147C308F00A1E9A8 /* clipamTests.h */,
				ACFC6B35147C308F00A1E9A8 /* clipamTests.m */,
				ACFC6B2F147C308F00A1E9A8 /* Supporting Files */,
			);
			path = clipamTests;
			sourceTree = "<group>";
		};
		ACFC6B2F147C308F00A1E9A8 /* Supporting Files */ = {
			isa = PBXGroup;
			children = (
				ACFC6B30147C308F00A1E9A8 /* clipamTests-Info.plist */,
				ACFC6B31147C308F00A1E9A8 /* InfoPlist.strings */,
			);
			name = "Supporting Files";
			sourceTree = "<group>";
		};
/* End PBXGroup section */

/* Begin PBXNativeTarget section */
		ACFC6B05147C308F00A1E9A8 /* clipam */ = {
			isa = PBXNativeTarget;
			buildConfigurationList = ACFC6B39147C308F00A1E9A8 /* Build configuration list for PBXNativeTarget "clipam" */;
			buildPhases = (
				ACFC6B02147C308F00A1E9A8 /* Sources */,
				ACFC6B03147C308F00A1E9A8 /* Frameworks */,
				ACFC6B04147C308F00A1E9A8 /* Resources */,
			);
			buildRules = (
			);
			dependencies = (
			);
			name = clipam;
			productName = clipam;
			productReference = ACFC6B06147C308F00A1E9A8 /* clipam.app */;
			productType = "com.apple.product-type.application";
		};
/* End PBXNativeTarget section */

/* Begin PBXProject section */
		ACFC6AFD147C308F00A1E9A8 /* Project object */ = {
			isa = PBXProject;
			attributes = {
				LastUpgradeCheck = 0600;
			};
			buildConfigurationList = ACFC6B00147C308F00A1E9A8 /* Build configuration list for PBXProject "clipam" */;
			compatibilityVersion = "Xcode 3.2";
			developmentRegion = English;
			hasScannedForEncodings = 0;
			knownRegions = (
				en,
			);
			mainGroup = ACFC6AFB147C308F00A1E9A8;
			productRefGroup = ACFC6B07147C308F00A1E9A8 /* Products */;
			projectDirPath = "";
			projectRoot = "";
			targets = (
				ACFC6B05147C308F00A1E9A8 /* clipam */,
			);
		};
/* End PBXProject section */

/* Begin PBXResourcesBuildPhase section */
		ACFC6B04147C308F00A1E9A8 /* Resources */ = {
			isa = PBXResourcesBuildPhase;
			buildActionMask = 2147483647;
			files = (
				ACFC6B15147C308F00A1E9A8 /* InfoPlist.strings in Resources */,
				ACFC6B21147C308F00A1E9A8 /* ViewController.xib in Resources */,
				ACFC6B44147C31D100A1E9A8 /* button_down.png in Resources */,
				ACFC6B45147C31D100A1E9A8 /* button.png in Resources */,
				ACFC6B46147C31D100A1E9A8 /* clipboard_background.png in Resources */,
				ACFC6B47147C31D100A1E9A8 /* settings_button_down.png in Resources */,
				ACFC6B48147C31D100A1E9A8 /* settings_button.png in Resources */,
				AC58D6F4149ED2B200E2F095 /* PatientGenderVC.xib in Resources */,
				AC944E8514A0D52D0084E052 /* PatientBirthDateVC.xib in Resources */,
				ACE97E5314A20592009A5D79 /* PatientIdVC.xib in Resources */,
				ACE97E5D14A28CBF009A5D79 /* InsertionDateVC.xib in Resources */,
				ACC0EE0314A29FC6001FB8D5 /* PersonRecordingVC.xib in Resources */,
				ACC0EE0814A2A4BF001FB8D5 /* InserterOccupationVC.xib in Resources */,
				ACC0EE0D14A35C13001FB8D5 /* InsertionReasonVC.xib in Resources */,
				ACC0EE1214A361C1001FB8D5 /* HandHygienePerformedVC.xib in Resources */,
				ACD9E3D214A3C116002EF849 /* SterileBarriersUsedVC.xib in Resources */,
				AC938AF114B4A43900DFE152 /* SkinPrepUsed.xib in Resources */,
				ACA99B1114B4C9FB003AC1EF /* SkinDryVC.xib in Resources */,
				ACA99B1614B4CFA0003AC1EF /* InsertionSiteVC.xib in Resources */,
				ACA99B1B14B4E207003AC1EF /* CatheterTypeVC.xib in Resources */,
				ACC641DE14CADBAC004F899A /* Page1_active_skip.png in Resources */,
				ACC641DF14CADBAC004F899A /* Page1_grayed_skip.png in Resources */,
				ACC641E014CADBAC004F899A /* Page2_active_skip.png in Resources */,
				ACC641E114CADBAC004F899A /* Page2_grayed_skip.png in Resources */,
				ACC641F914CADD2C004F899A /* clear_all_button_down.png in Resources */,
				ACC641FA14CADD2C004F899A /* clear_all_button.png in Resources */,
				ACC641FB14CADD2C004F899A /* done_button_down.png in Resources */,
				ACC641FC14CADD2C004F899A /* done_button.png in Resources */,
				ACC641FD14CADD2C004F899A /* inserter_selected.png in Resources */,
				ACC641FE14CADD2C004F899A /* inserter_unselected.png in Resources */,
				ACC641FF14CADD2C004F899A /* next_button_down.png in Resources */,
				ACC6420014CADD2C004F899A /* next_button.png in Resources */,
				ACC6420114CADD2C004F899A /* no_grayed.png in Resources */,
				ACC6420214CADD2C004F899A /* no_selected.png in Resources */,
				ACC6420314CADD2C004F899A /* no_unselected.png in Resources */,
				ACC6420414CADD2C004F899A /* observer_selected.png in Resources */,
				ACC6420514CADD2C004F899A /* observer_unselected.png in Resources */,
				ACC6420614CADD2C004F899A /* previous_button_down.png in Resources */,
				ACC6420714CADD2C004F899A /* previous_button.png in Resources */,
				ACC6420814CADD2C004F899A /* submit_button_down.png in Resources */,
				ACC6420914CADD2C004F899A /* submit_button.png in Resources */,
				ACC6420A14CADD2C004F899A /* yes_grayed.png in Resources */,
				ACC6420B14CADD2C004F899A /* yes_selected.png in Resources */,
				ACC6420C14CADD2C004F899A /* yes_unselected.png in Resources */,
				ACF0A38014CDF9770045A260 /* ViewController2.xib in Resources */,
				ACA76EB314D96FA6007D4445 /* Settings.bundle in Resources */,
				AC33D06E14DC362700B37769 /* Page1_background_skip_enabled.png in Resources */,
				AC33D06F14DC362700B37769 /* Page1_background_skip_gray.png in Resources */,
				AC33D07014DC362700B37769 /* Page2_background_skip_enabled.png in Resources */,
				AC33D07114DC362700B37769 /* Page2_background_skip_gray.png in Resources */,
				ACF111FE14EA8DBC00A5C0AC /* LocationVC.xib in Resources */,
				ACDA127E14FEA57C009C75D9 /* EulaViewController.xib in Resources */,
				ACDA128114FEA75F009C75D9 /* eula.html in Resources */,
				ACDA128814FED3CD009C75D9 /* eula.png in Resources */,
				A6C739F3155C11680099322F /* LICENSE.txt in Resources */,
				A6C739F4155C11680099322F /* README.txt in Resources */,
				A690D47A1577C9F0002155BE /* Icon-72.png in Resources */,
				A690D47B1577C9F0002155BE /* Icon-Small.png in Resources */,
				A690D47C1577C9F0002155BE /* Icon-Small@2x.png in Resources */,
				A690D47D1577C9F0002155BE /* iTunesArtwork in Resources */,
				A690D47E1577C9F0002155BE /* iTunesArtwork@2x in Resources */,
			);
			runOnlyForDeploymentPostprocessing = 0;
		};
/* End PBXResourcesBuildPhase section */

/* Begin PBXSourcesBuildPhase section */
		ACFC6B02147C308F00A1E9A8 /* Sources */ = {
			isa = PBXSourcesBuildPhase;
			buildActionMask = 2147483647;
			files = (
				ACFC6B17147C308F00A1E9A8 /* main.m in Sources */,
				ACFC6B1B147C308F00A1E9A8 /* AppDelegate.m in Sources */,
				ACFC6B1E147C308F00A1E9A8 /* ViewController.m in Sources */,
				AC58D6F3149ED2B200E2F095 /* PatientGenderVC.m in Sources */,
				AC944E8414A0D52D0084E052 /* PatientBirthDateVC.m in Sources */,
				ACE97E5214A20592009A5D79 /* PatientIdVC.m in Sources */,
				ACE97E5C14A28CBF009A5D79 /* InsertionDateVC.m in Sources */,
				ACC0EE0214A29FC6001FB8D5 /* PersonRecordingVC.m in Sources */,
				ACC0EE0714A2A4BF001FB8D5 /* InserterOccupationVC.m in Sources */,
				ACC0EE0C14A35C13001FB8D5 /* InsertionReasonVC.m in Sources */,
				ACC0EE1114A361C1001FB8D5 /* HandHygienePerformedVC.m in Sources */,
				ACD9E3D114A3C116002EF849 /* SterileBarriersUsedVC.m in Sources */,
				AC938AF014B4A43900DFE152 /* SkinPrepUsed.m in Sources */,
				ACA99B1014B4C9FB003AC1EF /* SkinDryVC.m in Sources */,
				ACA99B1514B4CFA0003AC1EF /* InsertionSiteVC.m in Sources */,
				ACA99B1A14B4E207003AC1EF /* CatheterTypeVC.m in Sources */,
				AC93FD9A14C9C3650072493C /* ClipDataObject.m in Sources */,
				AC93FD9E14C9C3DD0072493C /* ClipDataProperty.m in Sources */,
				ACF0A37F14CDF9770045A260 /* ViewController2.m in Sources */,
				ACFC9CFF14D03A1E00AAE3ED /* TransitionController.m in Sources */,
				AC807EFD14D1999700773052 /* ClipDataManager.m in Sources */,
				AC66E8A814D8116300F94342 /* AppManager.m in Sources */,
				AC44550B14E5A33B00FA8BBF /* ClipWS.m in Sources */,
				AC44550E14E5BE5300FA8BBF /* LocationCodes.m in Sources */,
				ACF111FD14EA8DBC00A5C0AC /* LocationVC.m in Sources */,
				AC7A356014ED4E250063A0C2 /* CdaWriter.m in Sources */,
				ACDA127D14FEA57C009C75D9 /* EulaViewController.m in Sources */,
			);
			runOnlyForDeploymentPostprocessing = 0;
		};
/* End PBXSourcesBuildPhase section */

/* Begin PBXVariantGroup section */
		ACFC6B13147C308F00A1E9A8 /* InfoPlist.strings */ = {
			isa = PBXVariantGroup;
			children = (
				ACFC6B14147C308F00A1E9A8 /* en */,
			);
			name = InfoPlist.strings;
			sourceTree = "<group>";
		};
		ACFC6B1F147C308F00A1E9A8 /* ViewController.xib */ = {
			isa = PBXVariantGroup;
			children = (
				ACFC6B20147C308F00A1E9A8 /* en */,
			);
			name = ViewController.xib;
			sourceTree = "<group>";
		};
		ACFC6B31147C308F00A1E9A8 /* InfoPlist.strings */ = {
			isa = PBXVariantGroup;
			children = (
				ACFC6B32147C308F00A1E9A8 /* en */,
			);
			name = InfoPlist.strings;
			sourceTree = "<group>";
		};
/* End PBXVariantGroup section */

/* Begin XCBuildConfiguration section */
		ACFC6B37147C308F00A1E9A8 /* Debug */ = {
			isa = XCBuildConfiguration;
			buildSettings = {
				ALWAYS_SEARCH_USER_PATHS = NO;
				CLANG_ENABLE_OBJC_ARC = YES;
				CLANG_WARN_BOOL_CONVERSION = YES;
				CLANG_WARN_CONSTANT_CONVERSION = YES;
				CLANG_WARN_EMPTY_BODY = YES;
				CLANG_WARN_ENUM_CONVERSION = YES;
				CLANG_WARN_INT_CONVERSION = YES;
				CLANG_WARN_UNREACHABLE_CODE = YES;
				CLANG_WARN__DUPLICATE_METHOD_MATCH = YES;
				CODE_SIGN_IDENTITY = "iPhone Developer";
				COPY_PHASE_STRIP = NO;
				ENABLE_STRICT_OBJC_MSGSEND = YES;
				GCC_C_LANGUAGE_STANDARD = gnu99;
				GCC_DYNAMIC_NO_PIC = NO;
				GCC_OPTIMIZATION_LEVEL = 0;
				GCC_PREPROCESSOR_DEFINITIONS = (
					"DEBUG=1",
					"$(inherited)",
				);
				GCC_SYMBOLS_PRIVATE_EXTERN = NO;
				GCC_VERSION = com.apple.compilers.llvm.clang.1_0;
				GCC_WARN_64_TO_32_BIT_CONVERSION = YES;
				GCC_WARN_ABOUT_MISSING_PROTOTYPES = YES;
				GCC_WARN_ABOUT_RETURN_TYPE = YES;
				GCC_WARN_UNDECLARED_SELECTOR = YES;
				GCC_WARN_UNINITIALIZED_AUTOS = YES;
				GCC_WARN_UNUSED_FUNCTION = YES;
				GCC_WARN_UNUSED_VARIABLE = YES;
				IPHONEOS_DEPLOYMENT_TARGET = 7.1;
				ONLY_ACTIVE_ARCH = YES;
				SDKROOT = iphoneos;
				TARGETED_DEVICE_FAMILY = 2;
			};
			name = Debug;
		};
		ACFC6B38147C308F00A1E9A8 /* Release */ = {
			isa = XCBuildConfiguration;
			buildSettings = {
				ALWAYS_SEARCH_USER_PATHS = NO;
				CLANG_ENABLE_OBJC_ARC = YES;
				CLANG_WARN_BOOL_CONVERSION = YES;
				CLANG_WARN_CONSTANT_CONVERSION = YES;
				CLANG_WARN_EMPTY_BODY = YES;
				CLANG_WARN_ENUM_CONVERSION = YES;
				CLANG_WARN_INT_CONVERSION = YES;
				CLANG_WARN_UNREACHABLE_CODE = YES;
				CLANG_WARN__DUPLICATE_METHOD_MATCH = YES;
				CODE_SIGN_IDENTITY = "iPhone Distribution";
				COPY_PHASE_STRIP = YES;
				ENABLE_STRICT_OBJC_MSGSEND = YES;
				GCC_C_LANGUAGE_STANDARD = gnu99;
				GCC_VERSION = com.apple.compilers.llvm.clang.1_0;
				GCC_WARN_64_TO_32_BIT_CONVERSION = YES;
				GCC_WARN_ABOUT_MISSING_PROTOTYPES = YES;
				GCC_WARN_ABOUT_RETURN_TYPE = YES;
				GCC_WARN_UNDECLARED_SELECTOR = YES;
				GCC_WARN_UNINITIALIZED_AUTOS = YES;
				GCC_WARN_UNUSED_FUNCTION = YES;
				GCC_WARN_UNUSED_VARIABLE = YES;
				IPHONEOS_DEPLOYMENT_TARGET = 7.1;
				OTHER_CFLAGS = "-DNS_BLOCK_ASSERTIONS=1";
				SDKROOT = iphoneos;
				TARGETED_DEVICE_FAMILY = 2;
				VALIDATE_PRODUCT = YES;
			};
			name = Release;
		};
		ACFC6B3A147C308F00A1E9A8 /* Debug */ = {
			isa = XCBuildConfiguration;
			buildSettings = {
				ALWAYS_SEARCH_USER_PATHS = YES;
				"CODE_SIGN_IDENTITY[sdk=iphoneos*]" = "iPhone Developer";
				FRAMEWORK_SEARCH_PATHS = (
					"$(inherited)",
					/Users/jtq6/protodev/ios/clipam/RestKit/Libs/Debug,
				);
				GCC_PRECOMPILE_PREFIX_HEADER = YES;
				GCC_PREFIX_HEADER = "clipam/clipam-Prefix.pch";
				HEADER_SEARCH_PATHS = (
					"\"/usr/include/libxml2\"",
					"\"$(SOURCE_ROOT)/RestKit/Headers\"",
				);
				INFOPLIST_FILE = "clipam/clipam-Info.plist";
				IPHONEOS_DEPLOYMENT_TARGET = 5.0;
				LIBRARY_SEARCH_PATHS = (
					"$(inherited)",
					"\"$(SRCROOT)\"",
					"\"$(SRCROOT)/RestKit/Libs/Debug\"",
					"\"$(SRCROOT)/../../../Downloads/RestKit-RestKit-a7298fa/Build/Products/Debug-iphonesimulator\"",
				);
				OTHER_LDFLAGS = (
					"-ObjC",
					"-all_load",
				);
				PRODUCT_NAME = "$(TARGET_NAME)";
				"PROVISIONING_PROFILE[sdk=iphoneos*]" = "";
				REZ_SEARCH_PATHS = (
					"\"/usr/include/libxml2\"",
					"\"$(SOURCE_ROOT)/RestKit/Headers\"",
				);
				WRAPPER_EXTENSION = app;
			};
			name = Debug;
		};
		ACFC6B3B147C308F00A1E9A8 /* Release */ = {
			isa = XCBuildConfiguration;
			buildSettings = {
				ALWAYS_SEARCH_USER_PATHS = YES;
				"CODE_SIGN_IDENTITY[sdk=iphoneos*]" = "iPhone Distribution";
				FRAMEWORK_SEARCH_PATHS = (
					"$(inherited)",
					/Users/jtq6/protodev/ios/clipam/RestKit/Libs/Release,
				);
				GCC_PRECOMPILE_PREFIX_HEADER = YES;
				GCC_PREFIX_HEADER = "clipam/clipam-Prefix.pch";
				HEADER_SEARCH_PATHS = (
					"\"/usr/include/libxml2\"",
					"\"$(SOURCE_ROOT)/RestKit/Headers\"",
				);
				INFOPLIST_FILE = "clipam/clipam-Info.plist";
				IPHONEOS_DEPLOYMENT_TARGET = 5.0;
				LIBRARY_SEARCH_PATHS = (
					"$(inherited)",
					"\"$(SRCROOT)\"",
					"\"$(SRCROOT)/RestKit/Libs/Release\"",
					"\"$(SRCROOT)/../../../Downloads/RestKit-RestKit-a7298fa/Build/Products/Debug-iphonesimulator\"",
				);
				OTHER_LDFLAGS = (
					"-ObjC",
					"-all_load",
				);
				PRODUCT_NAME = "$(TARGET_NAME)";
				"PROVISIONING_PROFILE[sdk=iphoneos*]" = "";
				REZ_SEARCH_PATHS = (
					"\"/usr/include/libxml2\"",
					"\"$(SOURCE_ROOT)/RestKit/Headers\"",
				);
				WRAPPER_EXTENSION = app;
			};
			name = Release;
		};
/* End XCBuildConfiguration section */

/* Begin XCConfigurationList section */
		ACFC6B00147C308F00A1E9A8 /* Build configuration list for PBXProject "clipam" */ = {
			isa = XCConfigurationList;
			buildConfigurations = (
				ACFC6B37147C308F00A1E9A8 /* Debug */,
				ACFC6B38147C308F00A1E9A8 /* Release */,
			);
			defaultConfigurationIsVisible = 0;
			defaultConfigurationName = Release;
		};
		ACFC6B39147C308F00A1E9A8 /* Build configuration list for PBXNativeTarget "clipam" */ = {
			isa = XCConfigurationList;
			buildConfigurations = (
				ACFC6B3A147C308F00A1E9A8 /* Debug */,
				ACFC6B3B147C308F00A1E9A8 /* Release */,
			);
			defaultConfigurationIsVisible = 0;
			defaultConfigurationName = Release;
		};
/* End XCConfigurationList section */
	};
	rootObject = ACFC6AFD147C308F00A1E9A8 /* Project object */;
}
